
Microsoft Visual Studio Solution File, Format Version 12.00
# Visual Studio Version 16
VisualStudioVersion = 16.0.31205.134
MinimumVisualStudioVersion = 10.0.40219.1
Project("{FAE04EC0-301F-11D3-BF4B-00C04F79EFBC}") = "LojaVirtual", "LojaVirtual.csproj", "{45F36EBF-1B5D-48E7-8D25-8548825B3B68}"
EndProject
Global
	GlobalSection(SolutionConfigurationPlatforms) = preSolution
		Debug|Any CPU = Debug|Any CPU
		Release|Any CPU = Release|Any CPU
	EndGlobalSection
	GlobalSection(ProjectConfigurationPlatforms) = postSolution
		{45F36EBF-1B5D-48E7-8D25-8548825B3B68}.Debug|Any CPU.ActiveCfg = Debug|Any CPU
		{45F36EBF-1B5D-48E7-8D25-8548825B3B68}.Debug|Any CPU.Build.0 = Debug|Any CPU
		{45F36EBF-1B5D-48E7-8D25-8548825B3B68}.Release|Any CPU.ActiveCfg = Release|Any CPU
		{45F36EBF-1B5D-48E7-8D25-8548825B3B68}.Release|Any CPU.Build.0 = Release|Any CPU
	EndGlobalSection
	GlobalSection(SolutionProperties) = preSolution
		HideSolutionNode = FALSE
	EndGlobalSection
	GlobalSection(ExtensibilityGlobals) = postSolution
		SolutionGuid = {69295F8E-876D-4DA9-846E-875D5D988F13}
	EndGlobalSection
EndGlobal
